// !$*UTF8*$!
{
	archiveVersion = 1;
	classes = {
	};
	objectVersion = 50;
	objects = {

/* Begin PBXBuildFile section */
		2C06C0CB267056C800DBDC6E /* product.json in Resources */ = {isa = PBXBuildFile; fileRef = 2C06C0C7267056C700DBDC6E /* product.json */; };
		2C06C0CC267056C800DBDC6E /* product.json in Resources */ = {isa = PBXBuildFile; fileRef = 2C06C0C7267056C700DBDC6E /* product.json */; };
		2C06C0CD267056C800DBDC6E /* player.json in Resources */ = {isa = PBXBuildFile; fileRef = 2C06C0C8267056C700DBDC6E /* player.json */; };
		2C06C0CE267056C800DBDC6E /* player.json in Resources */ = {isa = PBXBuildFile; fileRef = 2C06C0C8267056C700DBDC6E /* player.json */; };
		2C06C0CF267056C800DBDC6E /* category.json in Resources */ = {isa = PBXBuildFile; fileRef = 2C06C0C9267056C800DBDC6E /* category.json */; };
		2C06C0D0267056C800DBDC6E /* category.json in Resources */ = {isa = PBXBuildFile; fileRef = 2C06C0C9267056C800DBDC6E /* category.json */; };
		2C06C0D1267056C800DBDC6E /* brand.json in Resources */ = {isa = PBXBuildFile; fileRef = 2C06C0CA267056C800DBDC6E /* brand.json */; };
		2C06C0D2267056C800DBDC6E /* brand.json in Resources */ = {isa = PBXBuildFile; fileRef = 2C06C0CA267056C800DBDC6E /* brand.json */; };
		2C06C0DC2670581200DBDC6E /* Constant.swift in Sources */ = {isa = PBXBuildFile; fileRef = 2C06C0DB2670581200DBDC6E /* Constant.swift */; };
		2C06C0DD2670581200DBDC6E /* Constant.swift in Sources */ = {isa = PBXBuildFile; fileRef = 2C06C0DB2670581200DBDC6E /* Constant.swift */; };
		2C06C0DF267058C300DBDC6E /* FooterView.swift in Sources */ = {isa = PBXBuildFile; fileRef = 2C06C0DE267058C300DBDC6E /* FooterView.swift */; };
		2C06C0E0267058C300DBDC6E /* FooterView.swift in Sources */ = {isa = PBXBuildFile; fileRef = 2C06C0DE267058C300DBDC6E /* FooterView.swift */; };
		2CA55EDD266FD42A0046BF30 /* TouchdownApp.swift in Sources */ = {isa = PBXBuildFile; fileRef = 2CA55ECA266FD4290046BF30 /* TouchdownApp.swift */; };
		2CA55EDE266FD42A0046BF30 /* TouchdownApp.swift in Sources */ = {isa = PBXBuildFile; fileRef = 2CA55ECA266FD4290046BF30 /* TouchdownApp.swift */; };
		2CA55EDF266FD42A0046BF30 /* ContentView.swift in Sources */ = {isa = PBXBuildFile; fileRef = 2CA55ECB266FD4290046BF30 /* ContentView.swift */; };
		2CA55EE0266FD42A0046BF30 /* ContentView.swift in Sources */ = {isa = PBXBuildFile; fileRef = 2CA55ECB266FD4290046BF30 /* ContentView.swift */; };
		2CA55EE1266FD42A0046BF30 /* Assets.xcassets in Resources */ = {isa = PBXBuildFile; fileRef = 2CA55ECC266FD42A0046BF30 /* Assets.xcassets */; };
		2CA55EE2266FD42A0046BF30 /* Assets.xcassets in Resources */ = {isa = PBXBuildFile; fileRef = 2CA55ECC266FD42A0046BF30 /* Assets.xcassets */; };
/* End PBXBuildFile section */

/* Begin PBXFileReference section */
		2C06C0C7267056C700DBDC6E /* product.json */ = {isa = PBXFileReference; fileEncoding = 4; lastKnownFileType = text.json; path = product.json; sourceTree = "<group>"; };
		2C06C0C8267056C700DBDC6E /* player.json */ = {isa = PBXFileReference; fileEncoding = 4; lastKnownFileType = text.json; path = player.json; sourceTree = "<group>"; };
		2C06C0C9267056C800DBDC6E /* category.json */ = {isa = PBXFileReference; fileEncoding = 4; lastKnownFileType = text.json; path = category.json; sourceTree = "<group>"; };
		2C06C0CA267056C800DBDC6E /* brand.json */ = {isa = PBXFileReference; fileEncoding = 4; lastKnownFileType = text.json; path = brand.json; sourceTree = "<group>"; };
		2C06C0DB2670581200DBDC6E /* Constant.swift */ = {isa = PBXFileReference; lastKnownFileType = sourcecode.swift; path = Constant.swift; sourceTree = "<group>"; };
		2C06C0DE267058C300DBDC6E /* FooterView.swift */ = {isa = PBXFileReference; lastKnownFileType = sourcecode.swift; path = FooterView.swift; sourceTree = "<group>"; };
		2CA55ECA266FD4290046BF30 /* TouchdownApp.swift */ = {isa = PBXFileReference; lastKnownFileType = sourcecode.swift; path = TouchdownApp.swift; sourceTree = "<group>"; };
		2CA55ECB266FD4290046BF30 /* ContentView.swift */ = {isa = PBXFileReference; lastKnownFileType = sourcecode.swift; path = ContentView.swift; sourceTree = "<group>"; };
		2CA55ECC266FD42A0046BF30 /* Assets.xcassets */ = {isa = PBXFileReference; lastKnownFileType = folder.assetcatalog; path = Assets.xcassets; sourceTree = "<group>"; };
		2CA55ED1266FD42A0046BF30 /* Touchdown.app */ = {isa = PBXFileReference; explicitFileType = wrapper.application; includeInIndex = 0; path = Touchdown.app; sourceTree = BUILT_PRODUCTS_DIR; };
		2CA55ED4266FD42A0046BF30 /* Info.plist */ = {isa = PBXFileReference; lastKnownFileType = text.plist.xml; path = Info.plist; sourceTree = "<group>"; };
		2CA55ED9266FD42A0046BF30 /* Touchdown.app */ = {isa = PBXFileReference; explicitFileType = wrapper.application; includeInIndex = 0; path = Touchdown.app; sourceTree = BUILT_PRODUCTS_DIR; };
		2CA55EDB266FD42A0046BF30 /* Info.plist */ = {isa = PBXFileReference; lastKnownFileType = text.plist.xml; path = Info.plist; sourceTree = "<group>"; };
		2CA55EDC266FD42A0046BF30 /* macOS.entitlements */ = {isa = PBXFileReference; lastKnownFileType = text.plist.entitlements; path = macOS.entitlements; sourceTree = "<group>"; };
/* End PBXFileReference section */

/* Begin PBXFrameworksBuildPhase section */
		2CA55ECE266FD42A0046BF30 /* Frameworks */ = {
			isa = PBXFrameworksBuildPhase;
			buildActionMask = 2147483647;
			files = (
			);
			runOnlyForDeploymentPostprocessing = 0;
		};
		2CA55ED6266FD42A0046BF30 /* Frameworks */ = {
			isa = PBXFrameworksBuildPhase;
			buildActionMask = 2147483647;
			files = (
			);
			runOnlyForDeploymentPostprocessing = 0;
		};
/* End PBXFrameworksBuildPhase section */

/* Begin PBXGroup section */
		2C06C0D3267056E000DBDC6E /* Data */ = {
			isa = PBXGroup;
			children = (
				2C06C0CA267056C800DBDC6E /* brand.json */,
				2C06C0C9267056C800DBDC6E /* category.json */,
				2C06C0C8267056C700DBDC6E /* player.json */,
				2C06C0C7267056C700DBDC6E /* product.json */,
			);
			path = Data;
			sourceTree = "<group>";
		};
		2C06C0D4267057C400DBDC6E /* App */ = {
			isa = PBXGroup;
			children = (
				2CA55ECA266FD4290046BF30 /* TouchdownApp.swift */,
				2CA55ECB266FD4290046BF30 /* ContentView.swift */,
			);
			path = App;
			sourceTree = "<group>";
		};
		2C06C0D5267057C900DBDC6E /* View */ = {
			isa = PBXGroup;
			children = (
				2C06C0D6267057CF00DBDC6E /* Home */,
				2C06C0D7267057D600DBDC6E /* Detail */,
			);
			path = View;
			sourceTree = "<group>";
		};
		2C06C0D6267057CF00DBDC6E /* Home */ = {
			isa = PBXGroup;
			children = (
				2C06C0DE267058C300DBDC6E /* FooterView.swift */,
			);
			path = Home;
			sourceTree = "<group>";
		};
		2C06C0D7267057D600DBDC6E /* Detail */ = {
			isa = PBXGroup;
			children = (
			);
			path = Detail;
			sourceTree = "<group>";
		};
		2C06C0D8267057E400DBDC6E /* Model */ = {
			isa = PBXGroup;
			children = (
			);
			path = Model;
			sourceTree = "<group>";
		};
		2C06C0D9267057EB00DBDC6E /* Extension */ = {
			isa = PBXGroup;
			children = (
			);
			path = Extension;
			sourceTree = "<group>";
		};
		2C06C0DA267057F700DBDC6E /* Utility */ = {
			isa = PBXGroup;
			children = (
				2C06C0DB2670581200DBDC6E /* Constant.swift */,
			);
			path = Utility;
			sourceTree = "<group>";
		};
		2CA55EC4266FD4290046BF30 = {
			isa = PBXGroup;
			children = (
				2CA55EC9266FD4290046BF30 /* Shared */,
				2CA55ED3266FD42A0046BF30 /* iOS */,
				2CA55EDA266FD42A0046BF30 /* macOS */,
				2CA55ED2266FD42A0046BF30 /* Products */,
			);
			sourceTree = "<group>";
		};
		2CA55EC9266FD4290046BF30 /* Shared */ = {
			isa = PBXGroup;
			children = (
				2C06C0DA267057F700DBDC6E /* Utility */,
				2C06C0D9267057EB00DBDC6E /* Extension */,
				2C06C0D8267057E400DBDC6E /* Model */,
				2C06C0D5267057C900DBDC6E /* View */,
				2C06C0D3267056E000DBDC6E /* Data */,
				2C06C0D4267057C400DBDC6E /* App */,
				2CA55ECC266FD42A0046BF30 /* Assets.xcassets */,
			);
			path = Shared;
			sourceTree = "<group>";
		};
		2CA55ED2266FD42A0046BF30 /* Products */ = {
			isa = PBXGroup;
			children = (
				2CA55ED1266FD42A0046BF30 /* Touchdown.app */,
				2CA55ED9266FD42A0046BF30 /* Touchdown.app */,
			);
			name = Products;
			sourceTree = "<group>";
		};
		2CA55ED3266FD42A0046BF30 /* iOS */ = {
			isa = PBXGroup;
			children = (
				2CA55ED4266FD42A0046BF30 /* Info.plist */,
			);
			path = iOS;
			sourceTree = "<group>";
		};
		2CA55EDA266FD42A0046BF30 /* macOS */ = {
			isa = PBXGroup;
			children = (
				2CA55EDB266FD42A0046BF30 /* Info.plist */,
				2CA55EDC266FD42A0046BF30 /* macOS.entitlements */,
			);
			path = macOS;
			sourceTree = "<group>";
		};
/* End PBXGroup section */

/* Begin PBXNativeTarget section */
		2CA55ED0266FD42A0046BF30 /* Touchdown (iOS) */ = {
			isa = PBXNativeTarget;
			buildConfigurationList = 2CA55EE5266FD42A0046BF30 /* Build configuration list for PBXNativeTarget "Touchdown (iOS)" */;
			buildPhases = (
				2CA55ECD266FD42A0046BF30 /* Sources */,
				2CA55ECE266FD42A0046BF30 /* Frameworks */,
				2CA55ECF266FD42A0046BF30 /* Resources */,
			);
			buildRules = (
			);
			dependencies = (
			);
			name = "Touchdown (iOS)";
			productName = "Touchdown (iOS)";
			productReference = 2CA55ED1266FD42A0046BF30 /* Touchdown.app */;
			productType = "com.apple.product-type.application";
		};
		2CA55ED8266FD42A0046BF30 /* Touchdown (macOS) */ = {
			isa = PBXNativeTarget;
			buildConfigurationList = 2CA55EE8266FD42A0046BF30 /* Build configuration list for PBXNativeTarget "Touchdown (macOS)" */;
			buildPhases = (
				2CA55ED5266FD42A0046BF30 /* Sources */,
				2CA55ED6266FD42A0046BF30 /* Frameworks */,
				2CA55ED7266FD42A0046BF30 /* Resources */,
			);
			buildRules = (
			);
			dependencies = (
			);
			name = "Touchdown (macOS)";
			productName = "Touchdown (macOS)";
			productReference = 2CA55ED9266FD42A0046BF30 /* Touchdown.app */;
			productType = "com.apple.product-type.application";
		};
/* End PBXNativeTarget section */

/* Begin PBXProject section */
		2CA55EC5266FD4290046BF30 /* Project object */ = {
			isa = PBXProject;
			attributes = {
				LastSwiftUpdateCheck = 1250;
				LastUpgradeCheck = 1250;
				TargetAttributes = {
					2CA55ED0266FD42A0046BF30 = {
						CreatedOnToolsVersion = 12.5;
					};
					2CA55ED8266FD42A0046BF30 = {
						CreatedOnToolsVersion = 12.5;
					};
				};
			};
			buildConfigurationList = 2CA55EC8266FD4290046BF30 /* Build configuration list for PBXProject "Touchdown" */;
			compatibilityVersion = "Xcode 9.3";
			developmentRegion = en;
			hasScannedForEncodings = 0;
			knownRegions = (
				en,
				Base,
			);
			mainGroup = 2CA55EC4266FD4290046BF30;
			productRefGroup = 2CA55ED2266FD42A0046BF30 /* Products */;
			projectDirPath = "";
			projectRoot = "";
			targets = (
				2CA55ED0266FD42A0046BF30 /* Touchdown (iOS) */,
				2CA55ED8266FD42A0046BF30 /* Touchdown (macOS) */,
			);
		};
/* End PBXProject section */

/* Begin PBXResourcesBuildPhase section */
		2CA55ECF266FD42A0046BF30 /* Resources */ = {
			isa = PBXResourcesBuildPhase;
			buildActionMask = 2147483647;
			files = (
				2C06C0CD267056C800DBDC6E /* player.json in Resources */,
				2C06C0D1267056C800DBDC6E /* brand.json in Resources */,
				2CA55EE1266FD42A0046BF30 /* Assets.xcassets in Resources */,
				2C06C0CB267056C800DBDC6E /* product.json in Resources */,
				2C06C0CF267056C800DBDC6E /* category.json in Resources */,
			);
			runOnlyForDeploymentPostprocessing = 0;
		};
		2CA55ED7266FD42A0046BF30 /* Resources */ = {
			isa = PBXResourcesBuildPhase;
			buildActionMask = 2147483647;
			files = (
				2C06C0CE267056C800DBDC6E /* player.json in Resources */,
				2C06C0D2267056C800DBDC6E /* brand.json in Resources */,
				2CA55EE2266FD42A0046BF30 /* Assets.xcassets in Resources */,
				2C06C0CC267056C800DBDC6E /* product.json in Resources */,
				2C06C0D0267056C800DBDC6E /* category.json in Resources */,
			);
			runOnlyForDeploymentPostprocessing = 0;
		};
/* End PBXResourcesBuildPhase section */

/* Begin PBXSourcesBuildPhase section */
		2CA55ECD266FD42A0046BF30 /* Sources */ = {
			isa = PBXSourcesBuildPhase;
			buildActionMask = 2147483647;
			files = (
				2CA55EDF266FD42A0046BF30 /* ContentView.swift in Sources */,
				2C06C0DF267058C300DBDC6E /* FooterView.swift in Sources */,
				2CA55EDD266FD42A0046BF30 /* TouchdownApp.swift in Sources */,
				2C06C0DC2670581200DBDC6E /* Constant.swift in Sources */,
			);
			runOnlyForDeploymentPostprocessing = 0;
		};
		2CA55ED5266FD42A0046BF30 /* Sources */ = {
			isa = PBXSourcesBuildPhase;
			buildActionMask = 2147483647;
			files = (
				2CA55EE0266FD42A0046BF30 /* ContentView.swift in Sources */,
				2C06C0E0267058C300DBDC6E /* FooterView.swift in Sources */,
				2CA55EDE266FD42A0046BF30 /* TouchdownApp.swift in Sources */,
				2C06C0DD2670581200DBDC6E /* Constant.swift in Sources */,
			);
			runOnlyForDeploymentPostprocessing = 0;
		};
/* End PBXSourcesBuildPhase section */

/* Begin XCBuildConfiguration section */
		2CA55EE3266FD42A0046BF30 /* Debug */ = {
			isa = XCBuildConfiguration;
			buildSettings = {
				ALWAYS_SEARCH_USER_PATHS = NO;
				CLANG_ANALYZER_NONNULL = YES;
				CLANG_ANALYZER_NUMBER_OBJECT_CONVERSION = YES_AGGRESSIVE;
				CLANG_CXX_LANGUAGE_STANDARD = "gnu++14";
				CLANG_CXX_LIBRARY = "libc++";
				CLANG_ENABLE_MODULES = YES;
				CLANG_ENABLE_OBJC_ARC = YES;
				CLANG_ENABLE_OBJC_WEAK = YES;
				CLANG_WARN_BLOCK_CAPTURE_AUTORELEASING = YES;
				CLANG_WARN_BOOL_CONVERSION = YES;
				CLANG_WARN_COMMA = YES;
				CLANG_WARN_CONSTANT_CONVERSION = YES;
				CLANG_WARN_DEPRECATED_OBJC_IMPLEMENTATIONS = YES;
				CLANG_WARN_DIRECT_OBJC_ISA_USAGE = YES_ERROR;
				CLANG_WARN_DOCUMENTATION_COMMENTS = YES;
				CLANG_WARN_EMPTY_BODY = YES;
				CLANG_WARN_ENUM_CONVERSION = YES;
				CLANG_WARN_INFINITE_RECURSION = YES;
				CLANG_WARN_INT_CONVERSION = YES;
				CLANG_WARN_NON_LITERAL_NULL_CONVERSION = YES;
				CLANG_WARN_OBJC_IMPLICIT_RETAIN_SELF = YES;
				CLANG_WARN_OBJC_LITERAL_CONVERSION = YES;
				CLANG_WARN_OBJC_ROOT_CLASS = YES_ERROR;
				CLANG_WARN_QUOTED_INCLUDE_IN_FRAMEWORK_HEADER = YES;
				CLANG_WARN_RANGE_LOOP_ANALYSIS = YES;
				CLANG_WARN_STRICT_PROTOTYPES = YES;
				CLANG_WARN_SUSPICIOUS_MOVE = YES;
				CLANG_WARN_UNGUARDED_AVAILABILITY = YES_AGGRESSIVE;
				CLANG_WARN_UNREACHABLE_CODE = YES;
				CLANG_WARN__DUPLICATE_METHOD_MATCH = YES;
				COPY_PHASE_STRIP = NO;
				DEBUG_INFORMATION_FORMAT = dwarf;
				ENABLE_STRICT_OBJC_MSGSEND = YES;
				ENABLE_TESTABILITY = YES;
				GCC_C_LANGUAGE_STANDARD = gnu11;
				GCC_DYNAMIC_NO_PIC = NO;
				GCC_NO_COMMON_BLOCKS = YES;
				GCC_OPTIMIZATION_LEVEL = 0;
				GCC_PREPROCESSOR_DEFINITIONS = (
					"DEBUG=1",
					"$(inherited)",
				);
				GCC_WARN_64_TO_32_BIT_CONVERSION = YES;
				GCC_WARN_ABOUT_RETURN_TYPE = YES_ERROR;
				GCC_WARN_UNDECLARED_SELECTOR = YES;
				GCC_WARN_UNINITIALIZED_AUTOS = YES_AGGRESSIVE;
				GCC_WARN_UNUSED_FUNCTION = YES;
				GCC_WARN_UNUSED_VARIABLE = YES;
				MTL_ENABLE_DEBUG_INFO = INCLUDE_SOURCE;
				MTL_FAST_MATH = YES;
				ONLY_ACTIVE_ARCH = YES;
				SWIFT_ACTIVE_COMPILATION_CONDITIONS = DEBUG;
				SWIFT_OPTIMIZATION_LEVEL = "-Onone";
			};
			name = Debug;
		};
		2CA55EE4266FD42A0046BF30 /* Release */ = {
			isa = XCBuildConfiguration;
			buildSettings = {
				ALWAYS_SEARCH_USER_PATHS = NO;
				CLANG_ANALYZER_NONNULL = YES;
				CLANG_ANALYZER_NUMBER_OBJECT_CONVERSION = YES_AGGRESSIVE;
				CLANG_CXX_LANGUAGE_STANDARD = "gnu++14";
				CLANG_CXX_LIBRARY = "libc++";
				CLANG_ENABLE_MODULES = YES;
				CLANG_ENABLE_OBJC_ARC = YES;
				CLANG_ENABLE_OBJC_WEAK = YES;
				CLANG_WARN_BLOCK_CAPTURE_AUTORELEASING = YES;
				CLANG_WARN_BOOL_CONVERSION = YES;
				CLANG_WARN_COMMA = YES;
				CLANG_WARN_CONSTANT_CONVERSION = YES;
				CLANG_WARN_DEPRECATED_OBJC_IMPLEMENTATIONS = YES;
				CLANG_WARN_DIRECT_OBJC_ISA_USAGE = YES_ERROR;
				CLANG_WARN_DOCUMENTATION_COMMENTS = YES;
				CLANG_WARN_EMPTY_BODY = YES;
				CLANG_WARN_ENUM_CONVERSION = YES;
				CLANG_WARN_INFINITE_RECURSION = YES;
				CLANG_WARN_INT_CONVERSION = YES;
				CLANG_WARN_NON_LITERAL_NULL_CONVERSION = YES;
				CLANG_WARN_OBJC_IMPLICIT_RETAIN_SELF = YES;
				CLANG_WARN_OBJC_LITERAL_CONVERSION = YES;
				CLANG_WARN_OBJC_ROOT_CLASS = YES_ERROR;
				CLANG_WARN_QUOTED_INCLUDE_IN_FRAMEWORK_HEADER = YES;
				CLANG_WARN_RANGE_LOOP_ANALYSIS = YES;
				CLANG_WARN_STRICT_PROTOTYPES = YES;
				CLANG_WARN_SUSPICIOUS_MOVE = YES;
				CLANG_WARN_UNGUARDED_AVAILABILITY = YES_AGGRESSIVE;
				CLANG_WARN_UNREACHABLE_CODE = YES;
				CLANG_WARN__DUPLICATE_METHOD_MATCH = YES;
				COPY_PHASE_STRIP = NO;
				DEBUG_INFORMATION_FORMAT = "dwarf-with-dsym";
				ENABLE_NS_ASSERTIONS = NO;
				ENABLE_STRICT_OBJC_MSGSEND = YES;
				GCC_C_LANGUAGE_STANDARD = gnu11;
				GCC_NO_COMMON_BLOCKS = YES;
				GCC_WARN_64_TO_32_BIT_CONVERSION = YES;
				GCC_WARN_ABOUT_RETURN_TYPE = YES_ERROR;
				GCC_WARN_UNDECLARED_SELECTOR = YES;
				GCC_WARN_UNINITIALIZED_AUTOS = YES_AGGRESSIVE;
				GCC_WARN_UNUSED_FUNCTION = YES;
				GCC_WARN_UNUSED_VARIABLE = YES;
				MTL_ENABLE_DEBUG_INFO = NO;
				MTL_FAST_MATH = YES;
				SWIFT_COMPILATION_MODE = wholemodule;
				SWIFT_OPTIMIZATION_LEVEL = "-O";
			};
			name = Release;
		};
		2CA55EE6266FD42A0046BF30 /* Debug */ = {
			isa = XCBuildConfiguration;
			buildSettings = {
				ASSETCATALOG_COMPILER_APPICON_NAME = AppIcon;
				ASSETCATALOG_COMPILER_GLOBAL_ACCENT_COLOR_NAME = AccentColor;
				CODE_SIGN_STYLE = Automatic;
				DEVELOPMENT_TEAM = VA8GM4F7TR;
				ENABLE_PREVIEWS = YES;
				INFOPLIST_FILE = iOS/Info.plist;
				IPHONEOS_DEPLOYMENT_TARGET = 14.0;
				LD_RUNPATH_SEARCH_PATHS = (
					"$(inherited)",
					"@executable_path/Frameworks",
				);
				PRODUCT_BUNDLE_IDENTIFIER = com.brandolugo.Touchdown;
				PRODUCT_NAME = Touchdown;
				SDKROOT = iphoneos;
				SWIFT_VERSION = 5.0;
				TARGETED_DEVICE_FAMILY = "1,2";
			};
			name = Debug;
		};
		2CA55EE7266FD42A0046BF30 /* Release */ = {
			isa = XCBuildConfiguration;
			buildSettings = {
				ASSETCATALOG_COMPILER_APPICON_NAME = AppIcon;
				ASSETCATALOG_COMPILER_GLOBAL_ACCENT_COLOR_NAME = AccentColor;
				CODE_SIGN_STYLE = Automatic;
				DEVELOPMENT_TEAM = VA8GM4F7TR;
				ENABLE_PREVIEWS = YES;
				INFOPLIST_FILE = iOS/Info.plist;
				IPHONEOS_DEPLOYMENT_TARGET = 14.0;
				LD_RUNPATH_SEARCH_PATHS = (
					"$(inherited)",
					"@executable_path/Frameworks",
				);
				PRODUCT_BUNDLE_IDENTIFIER = com.brandolugo.Touchdown;
				PRODUCT_NAME = Touchdown;
				SDKROOT = iphoneos;
				SWIFT_VERSION = 5.0;
				TARGETED_DEVICE_FAMILY = "1,2";
				VALIDATE_PRODUCT = YES;
			};
			name = Release;
		};
		2CA55EE9266FD42A0046BF30 /* Debug */ = {
			isa = XCBuildConfiguration;
			buildSettings = {
				ASSETCATALOG_COMPILER_APPICON_NAME = AppIcon;
				ASSETCATALOG_COMPILER_GLOBAL_ACCENT_COLOR_NAME = AccentColor;
				CODE_SIGN_ENTITLEMENTS = macOS/macOS.entitlements;
				CODE_SIGN_STYLE = Automatic;
				COMBINE_HIDPI_IMAGES = YES;
				DEVELOPMENT_TEAM = VA8GM4F7TR;
				ENABLE_HARDENED_RUNTIME = YES;
				ENABLE_PREVIEWS = YES;
				INFOPLIST_FILE = macOS/Info.plist;
				LD_RUNPATH_SEARCH_PATHS = (
					"$(inherited)",
					"@executable_path/../Frameworks",
				);
				MACOSX_DEPLOYMENT_TARGET = 11.0;
				PRODUCT_BUNDLE_IDENTIFIER = com.brandolugo.Touchdown;
				PRODUCT_NAME = Touchdown;
				SDKROOT = macosx;
				SWIFT_VERSION = 5.0;
			};
			name = Debug;
		};
		2CA55EEA266FD42A0046BF30 /* Release */ = {
			isa = XCBuildConfiguration;
			buildSettings = {
				ASSETCATALOG_COMPILER_APPICON_NAME = AppIcon;
				ASSETCATALOG_COMPILER_GLOBAL_ACCENT_COLOR_NAME = AccentColor;
				CODE_SIGN_ENTITLEMENTS = macOS/macOS.entitlements;
				CODE_SIGN_STYLE = Automatic;
				COMBINE_HIDPI_IMAGES = YES;
				DEVELOPMENT_TEAM = VA8GM4F7TR;
				ENABLE_HARDENED_RUNTIME = YES;
				ENABLE_PREVIEWS = YES;
				INFOPLIST_FILE = macOS/Info.plist;
				LD_RUNPATH_SEARCH_PATHS = (
					"$(inherited)",
					"@executable_path/../Frameworks",
				);
				MACOSX_DEPLOYMENT_TARGET = 11.0;
				PRODUCT_BUNDLE_IDENTIFIER = com.brandolugo.Touchdown;
				PRODUCT_NAME = Touchdown;
				SDKROOT = macosx;
				SWIFT_VERSION = 5.0;
			};
			name = Release;
		};
/* End XCBuildConfiguration section */

/* Begin XCConfigurationList section */
		2CA55EC8266FD4290046BF30 /* Build configuration list for PBXProject "Touchdown" */ = {
			isa = XCConfigurationList;
			buildConfigurations = (
				2CA55EE3266FD42A0046BF30 /* Debug */,
				2CA55EE4266FD42A0046BF30 /* Release */,
			);
			defaultConfigurationIsVisible = 0;
			defaultConfigurationName = Release;
		};
		2CA55EE5266FD42A0046BF30 /* Build configuration list for PBXNativeTarget "Touchdown (iOS)" */ = {
			isa = XCConfigurationList;
			buildConfigurations = (
				2CA55EE6266FD42A0046BF30 /* Debug */,
				2CA55EE7266FD42A0046BF30 /* Release */,
			);
			defaultConfigurationIsVisible = 0;
			defaultConfigurationName = Release;
		};
		2CA55EE8266FD42A0046BF30 /* Build configuration list for PBXNativeTarget "Touchdown (macOS)" */ = {
			isa = XCConfigurationList;
			buildConfigurations = (
				2CA55EE9266FD42A0046BF30 /* Debug */,
				2CA55EEA266FD42A0046BF30 /* Release */,
			);
			defaultConfigurationIsVisible = 0;
			defaultConfigurationName = Release;
		};
/* End XCConfigurationList section */
	};
	rootObject = 2CA55EC5266FD4290046BF30 /* Project object */;
}
